
Microsoft Visual Studio Solution File, Format Version 12.00
# Visual Studio 15
VisualStudioVersion = 15.0.27703.2042
MinimumVisualStudioVersion = 10.0.40219.1
Project("{2150E333-8FDC-42A3-9474-1A3956D46DE8}") = "MinToturial", "MinToturial", "{D5C1D95C-553B-4C74-98EB-B9A627F61EA8}"
EndProject
Project("{FAE04EC0-301F-11D3-BF4B-00C04F79EFBC}") = "GrainInterfaces", "GrainInterfaces\GrainInterfaces.csproj", "{BCC8E857-E965-4459-8914-97DDB14905B3}"
EndProject
Project("{FAE04EC0-301F-11D3-BF4B-00C04F79EFBC}") = "GrainCollection", "GrainCollection\GrainCollection.csproj", "{563D3C9D-0E24-4089-84A5-1C1157F93BC3}"
EndProject
Project("{FAE04EC0-301F-11D3-BF4B-00C04F79EFBC}") = "Host1", "Host1\Host1.csproj", "{C47EEF0A-6022-4559-B573-31A8DBDB1AD2}"
EndProject
Global
	GlobalSection(SolutionConfigurationPlatforms) = preSolution
		Debug|Any CPU = Debug|Any CPU
		Release|Any CPU = Release|Any CPU
	EndGlobalSection
	GlobalSection(ProjectConfigurationPlatforms) = postSolution
		{BCC8E857-E965-4459-8914-97DDB14905B3}.Debug|Any CPU.ActiveCfg = Debug|Any CPU
		{BCC8E857-E965-4459-8914-97DDB14905B3}.Debug|Any CPU.Build.0 = Debug|Any CPU
		{BCC8E857-E965-4459-8914-97DDB14905B3}.Release|Any CPU.ActiveCfg = Release|Any CPU
		{BCC8E857-E965-4459-8914-97DDB14905B3}.Release|Any CPU.Build.0 = Release|Any CPU
		{563D3C9D-0E24-4089-84A5-1C1157F93BC3}.Debug|Any CPU.ActiveCfg = Debug|Any CPU
		{563D3C9D-0E24-4089-84A5-1C1157F93BC3}.Debug|Any CPU.Build.0 = Debug|Any CPU
		{563D3C9D-0E24-4089-84A5-1C1157F93BC3}.Release|Any CPU.ActiveCfg = Release|Any CPU
		{563D3C9D-0E24-4089-84A5-1C1157F93BC3}.Release|Any CPU.Build.0 = Release|Any CPU
		{C47EEF0A-6022-4559-B573-31A8DBDB1AD2}.Debug|Any CPU.ActiveCfg = Debug|Any CPU
		{C47EEF0A-6022-4559-B573-31A8DBDB1AD2}.Debug|Any CPU.Build.0 = Debug|Any CPU
		{C47EEF0A-6022-4559-B573-31A8DBDB1AD2}.Release|Any CPU.ActiveCfg = Release|Any CPU
		{C47EEF0A-6022-4559-B573-31A8DBDB1AD2}.Release|Any CPU.Build.0 = Release|Any CPU
	EndGlobalSection
	GlobalSection(SolutionProperties) = preSolution
		HideSolutionNode = FALSE
	EndGlobalSection
	GlobalSection(NestedProjects) = preSolution
		{BCC8E857-E965-4459-8914-97DDB14905B3} = {D5C1D95C-553B-4C74-98EB-B9A627F61EA8}
		{563D3C9D-0E24-4089-84A5-1C1157F93BC3} = {D5C1D95C-553B-4C74-98EB-B9A627F61EA8}
		{C47EEF0A-6022-4559-B573-31A8DBDB1AD2} = {D5C1D95C-553B-4C74-98EB-B9A627F61EA8}
	EndGlobalSection
	GlobalSection(ExtensibilityGlobals) = postSolution
		SolutionGuid = {CBBC9D28-FEFC-4E03-A2AC-2893D619950C}
	EndGlobalSection
EndGlobal
